{
  "name": "hast-util-merge",
  "version": "0.1.0",
  "lockfileVersion": 3,
  "requires": true,
  "packages": {
    "": {
      "name": "hast-util-merge",
      "version": "0.1.0",
      "license": "MIT",
      "dependencies": {
        "hast-util-is-element": "^3.0.0",
        "hast-util-select": "^6.0.2",
        "unist-util-is": "^6.0.0"
      },
      "devDependencies": {
        "@types/hast": "^3.0.3"
      }
    },
    "github.com:viktor-yakubiv/hast-util-slots": {
      "extraneous": true
    },
    "node_modules/@types/hast": {
      "version": "3.0.3",
      "resolved": "https://registry.npmjs.org/@types/hast/-/hast-3.0.3.tgz",
      "integrity": "sha512-2fYGlaDy/qyLlhidX42wAH0KBi2TCjKMH8CHmBXgRlJ3Y+OXTiqsPQ6IWarZKwF1JoUcAJdPogv1d4b0COTpmQ==",
      "dependencies": {
        "@types/unist": "*"
      }
    },
    "node_modules/@types/unist": {
      "version": "3.0.2",
      "resolved": "https://registry.npmjs.org/@types/unist/-/unist-3.0.2.tgz",
      "integrity": "sha512-dqId9J8K/vGi5Zr7oo212BGii5m3q5Hxlkwy3WpYuKPklmBEvsbMYYyLxAQpSffdLl/gdW0XUpKWFvYmyoWCoQ=="
    },
    "node_modules/bcp-47-match": {
      "version": "2.0.3",
      "resolved": "https://registry.npmjs.org/bcp-47-match/-/bcp-47-match-2.0.3.tgz",
      "integrity": "sha512-JtTezzbAibu8G0R9op9zb3vcWZd9JF6M0xOYGPn0fNCd7wOpRB1mU2mH9T8gaBGbAAyIIVgB2G7xG0GP98zMAQ==",
      "funding": {
        "type": "github",
        "url": "https://github.com/sponsors/wooorm"
      }
    },
    "node_modules/boolbase": {
      "version": "1.0.0",
      "resolved": "https://registry.npmjs.org/boolbase/-/boolbase-1.0.0.tgz",
      "integrity": "sha512-JZOSA7Mo9sNGB8+UjSgzdLtokWAky1zbztM3WRLCbZ70/3cTANmQmOdR7y2g+J0e2WXywy1yS468tY+IruqEww=="
    },
    "node_modules/comma-separated-tokens": {
      "version": "2.0.3",
      "resolved": "https://registry.npmjs.org/comma-separated-tokens/-/comma-separated-tokens-2.0.3.tgz",
      "integrity": "sha512-Fu4hJdvzeylCfQPp9SGWidpzrMs7tTrlu6Vb8XGaRGck8QSNZJJp538Wrb60Lax4fPwR64ViY468OIUTbRlGZg==",
      "funding": {
        "type": "github",
        "url": "https://github.com/sponsors/wooorm"
      }
    },
    "node_modules/css-selector-parser": {
      "version": "3.0.2",
      "resolved": "https://registry.npmjs.org/css-selector-parser/-/css-selector-parser-3.0.2.tgz",
      "integrity": "sha512-eA5pvYwgtffuxQlDk0gJRApDUKgfwlsQBMAH6uawKuuilTLfxKIOtzyV63Y3IC0LWnDCeTJ/I1qYmlfYvvMzDg==",
      "funding": [
        {
          "type": "github",
          "url": "https://github.com/sponsors/mdevils"
        },
        {
          "type": "patreon",
          "url": "https://patreon.com/mdevils"
        }
      ]
    },
    "node_modules/dequal": {
      "version": "2.0.3",
      "resolved": "https://registry.npmjs.org/dequal/-/dequal-2.0.3.tgz",
      "integrity": "sha512-0je+qPKHEMohvfRTCEo3CrPG6cAzAYgmzKyxRiYSSDkS6eGJdyVJm7WaYA5ECaAD9wLB2T4EEeymA5aFVcYXCA==",
      "engines": {
        "node": ">=6"
      }
    },
    "node_modules/devlop": {
      "version": "1.1.0",
      "resolved": "https://registry.npmjs.org/devlop/-/devlop-1.1.0.tgz",
      "integrity": "sha512-RWmIqhcFf1lRYBvNmr7qTNuyCt/7/ns2jbpp1+PalgE/rDQcBT0fioSMUpJ93irlUhC5hrg4cYqe6U+0ImW0rA==",
      "dependencies": {
        "dequal": "^2.0.0"
      },
      "funding": {
        "type": "github",
        "url": "https://github.com/sponsors/wooorm"
      }
    },
    "node_modules/direction": {
      "version": "2.0.1",
      "resolved": "https://registry.npmjs.org/direction/-/direction-2.0.1.tgz",
      "integrity": "sha512-9S6m9Sukh1cZNknO1CWAr2QAWsbKLafQiyM5gZ7VgXHeuaoUwffKN4q6NC4A/Mf9iiPlOXQEKW/Mv/mh9/3YFA==",
      "bin": {
        "direction": "cli.js"
      },
      "funding": {
        "type": "github",
        "url": "https://github.com/sponsors/wooorm"
      }
    },
    "node_modules/hast-util-has-property": {
      "version": "3.0.0",
      "resolved": "https://registry.npmjs.org/hast-util-has-property/-/hast-util-has-property-3.0.0.tgz",
      "integrity": "sha512-MNilsvEKLFpV604hwfhVStK0usFY/QmM5zX16bo7EjnAEGofr5YyI37kzopBlZJkHD4t887i+q/C8/tr5Q94cA==",
      "dependencies": {
        "@types/hast": "^3.0.0"
      },
      "funding": {
        "type": "opencollective",
        "url": "https://opencollective.com/unified"
      }
    },
    "node_modules/hast-util-is-element": {
      "version": "3.0.0",
      "resolved": "https://registry.npmjs.org/hast-util-is-element/-/hast-util-is-element-3.0.0.tgz",
      "integrity": "sha512-Val9mnv2IWpLbNPqc/pUem+a7Ipj2aHacCwgNfTiK0vJKl0LF+4Ba4+v1oPHFpf3bLYmreq0/l3Gud9S5OH42g==",
      "dependencies": {
        "@types/hast": "^3.0.0"
      },
      "funding": {
        "type": "opencollective",
        "url": "https://opencollective.com/unified"
      }
    },
    "node_modules/hast-util-select": {
      "version": "6.0.2",
      "resolved": "https://registry.npmjs.org/hast-util-select/-/hast-util-select-6.0.2.tgz",
      "integrity": "sha512-hT/SD/d/Meu+iobvgkffo1QecV8WeKWxwsNMzcTJsKw1cKTQKSR/7ArJeURLNJF9HDjp9nVoORyNNJxrvBye8Q==",
      "dependencies": {
        "@types/hast": "^3.0.0",
        "@types/unist": "^3.0.0",
        "bcp-47-match": "^2.0.0",
        "comma-separated-tokens": "^2.0.0",
        "css-selector-parser": "^3.0.0",
        "devlop": "^1.0.0",
        "direction": "^2.0.0",
        "hast-util-has-property": "^3.0.0",
        "hast-util-to-string": "^3.0.0",
        "hast-util-whitespace": "^3.0.0",
        "not": "^0.1.0",
        "nth-check": "^2.0.0",
        "property-information": "^6.0.0",
        "space-separated-tokens": "^2.0.0",
        "unist-util-visit": "^5.0.0",
        "zwitch": "^2.0.0"
      },
      "funding": {
        "type": "opencollective",
        "url": "https://opencollective.com/unified"
      }
    },
    "node_modules/hast-util-to-string": {
      "version": "3.0.0",
      "resolved": "https://registry.npmjs.org/hast-util-to-string/-/hast-util-to-string-3.0.0.tgz",
      "integrity": "sha512-OGkAxX1Ua3cbcW6EJ5pT/tslVb90uViVkcJ4ZZIMW/R33DX/AkcJcRrPebPwJkHYwlDHXz4aIwvAAaAdtrACFA==",
      "dependencies": {
        "@types/hast": "^3.0.0"
      },
      "funding": {
        "type": "opencollective",
        "url": "https://opencollective.com/unified"
      }
    },
    "node_modules/hast-util-whitespace": {
      "version": "3.0.0",
      "resolved": "https://registry.npmjs.org/hast-util-whitespace/-/hast-util-whitespace-3.0.0.tgz",
      "integrity": "sha512-88JUN06ipLwsnv+dVn+OIYOvAuvBMy/Qoi6O7mQHxdPXpjy+Cd6xRkWwux7DKO+4sYILtLBRIKgsdpS2gQc7qw==",
      "dependencies": {
        "@types/hast": "^3.0.0"
      },
      "funding": {
        "type": "opencollective",
        "url": "https://opencollective.com/unified"
      }
    },
    "node_modules/not": {
      "version": "0.1.0",
      "resolved": "https://registry.npmjs.org/not/-/not-0.1.0.tgz",
      "integrity": "sha512-5PDmaAsVfnWUgTUbJ3ERwn7u79Z0dYxN9ErxCpVJJqe2RK0PJ3z+iFUxuqjwtlDDegXvtWoxD/3Fzxox7tFGWA=="
    },
    "node_modules/nth-check": {
      "version": "2.1.1",
      "resolved": "https://registry.npmjs.org/nth-check/-/nth-check-2.1.1.tgz",
      "integrity": "sha512-lqjrjmaOoAnWfMmBPL+XNnynZh2+swxiX3WUE0s4yEHI6m+AwrK2UZOimIRl3X/4QctVqS8AiZjFqyOGrMXb/w==",
      "dependencies": {
        "boolbase": "^1.0.0"
      },
      "funding": {
        "url": "https://github.com/fb55/nth-check?sponsor=1"
      }
    },
    "node_modules/property-information": {
      "version": "6.4.0",
      "resolved": "https://registry.npmjs.org/property-information/-/property-information-6.4.0.tgz",
      "integrity": "sha512-9t5qARVofg2xQqKtytzt+lZ4d1Qvj8t5B8fEwXK6qOfgRLgH/b13QlgEyDh033NOS31nXeFbYv7CLUDG1CeifQ==",
      "funding": {
        "type": "github",
        "url": "https://github.com/sponsors/wooorm"
      }
    },
    "node_modules/space-separated-tokens": {
      "version": "2.0.2",
      "resolved": "https://registry.npmjs.org/space-separated-tokens/-/space-separated-tokens-2.0.2.tgz",
      "integrity": "sha512-PEGlAwrG8yXGXRjW32fGbg66JAlOAwbObuqVoJpv/mRgoWDQfgH1wDPvtzWyUSNAXBGSk8h755YDbbcEy3SH2Q==",
      "funding": {
        "type": "github",
        "url": "https://github.com/sponsors/wooorm"
      }
    },
    "node_modules/unist-util-is": {
      "version": "6.0.0",
      "resolved": "https://registry.npmjs.org/unist-util-is/-/unist-util-is-6.0.0.tgz",
      "integrity": "sha512-2qCTHimwdxLfz+YzdGfkqNlH0tLi9xjTnHddPmJwtIG9MGsdbutfTc4P+haPD7l7Cjxf/WZj+we5qfVPvvxfYw==",
      "dependencies": {
        "@types/unist": "^3.0.0"
      },
      "funding": {
        "type": "opencollective",
        "url": "https://opencollective.com/unified"
      }
    },
    "node_modules/unist-util-visit": {
      "version": "5.0.0",
      "resolved": "https://registry.npmjs.org/unist-util-visit/-/unist-util-visit-5.0.0.tgz",
      "integrity": "sha512-MR04uvD+07cwl/yhVuVWAtw+3GOR/knlL55Nd/wAdblk27GCVt3lqpTivy/tkJcZoNPzTwS1Y+KMojlLDhoTzg==",
      "dependencies": {
        "@types/unist": "^3.0.0",
        "unist-util-is": "^6.0.0",
        "unist-util-visit-parents": "^6.0.0"
      },
      "funding": {
        "type": "opencollective",
        "url": "https://opencollective.com/unified"
      }
    },
    "node_modules/unist-util-visit-parents": {
      "version": "6.0.1",
      "resolved": "https://registry.npmjs.org/unist-util-visit-parents/-/unist-util-visit-parents-6.0.1.tgz",
      "integrity": "sha512-L/PqWzfTP9lzzEa6CKs0k2nARxTdZduw3zyh8d2NVBnsyvHjSX4TWse388YrrQKbvI8w20fGjGlhgT96WwKykw==",
      "dependencies": {
        "@types/unist": "^3.0.0",
        "unist-util-is": "^6.0.0"
      },
      "funding": {
        "type": "opencollective",
        "url": "https://opencollective.com/unified"
      }
    },
    "node_modules/zwitch": {
      "version": "2.0.4",
      "resolved": "https://registry.npmjs.org/zwitch/-/zwitch-2.0.4.tgz",
      "integrity": "sha512-bXE4cR/kVZhKZX/RjPEflHaKVhUVl85noU3v6b8apfQEc1x4A+zBxjZ4lN8LqGd6WZ3dl98pY4o717VFmoPp+A==",
      "funding": {
        "type": "github",
        "url": "https://github.com/sponsors/wooorm"
      }
    }
  }
}
